{
  "name": "generolsp",
  "version": "0.0.1",
  "lockfileVersion": 1,
  "requires": true,
  "dependencies": {
    "vscode-uri": {
      "version": "2.1.1",
      "resolved": "https://registry.npmjs.org/vscode-uri/-/vscode-uri-2.1.1.tgz",
      "integrity": "sha512-eY9jmGoEnVf8VE8xr5znSah7Qt1P/xsCdErz+g8HYZtJ7bZqKH5E3d+6oVNm1AC/c6IHUDokbmVXKOi4qPAC9A=="
    }
  }
}
